// !$*UTF8*$!
{
	archiveVersion = 1;
	classes = {
	};
	objectVersion = 55;
	objects = {

/* Begin PBXBuildFile section */
		A4FDC7662809D03D00CC5091 /* Notes WatchKit App.app in Embed Watch Content */ = {isa = PBXBuildFile; fileRef = A4FDC7652809D03D00CC5091 /* Notes WatchKit App.app */; settings = {ATTRIBUTES = (RemoveHeadersOnCopy, ); }; };
		A4FDC76B2809D04100CC5091 /* Assets.xcassets in Resources */ = {isa = PBXBuildFile; fileRef = A4FDC76A2809D04100CC5091 /* Assets.xcassets */; };
		A4FDC7712809D04200CC5091 /* Notes WatchKit Extension.appex in Embed App Extensions */ = {isa = PBXBuildFile; fileRef = A4FDC7702809D04200CC5091 /* Notes WatchKit Extension.appex */; settings = {ATTRIBUTES = (RemoveHeadersOnCopy, ); }; };
		A4FDC7762809D04200CC5091 /* ContentView.swift in Sources */ = {isa = PBXBuildFile; fileRef = A4FDC7752809D04200CC5091 /* ContentView.swift */; };
		A4FDC7782809D04200CC5091 /* NotesApp.swift in Sources */ = {isa = PBXBuildFile; fileRef = A4FDC7772809D04200CC5091 /* NotesApp.swift */; };
		A4FDC77A2809D04200CC5091 /* ComplicationController.swift in Sources */ = {isa = PBXBuildFile; fileRef = A4FDC7792809D04200CC5091 /* ComplicationController.swift */; };
		A4FDC77C2809D04300CC5091 /* Assets.xcassets in Resources */ = {isa = PBXBuildFile; fileRef = A4FDC77B2809D04300CC5091 /* Assets.xcassets */; };
		A4FDC77F2809D04300CC5091 /* Preview Assets.xcassets in Resources */ = {isa = PBXBuildFile; fileRef = A4FDC77E2809D04300CC5091 /* Preview Assets.xcassets */; };
		A4FDC7912809D19700CC5091 /* Note.swift in Sources */ = {isa = PBXBuildFile; fileRef = A4FDC7902809D19700CC5091 /* Note.swift */; };
		A4FDC7932809ED8000CC5091 /* DetailView.swift in Sources */ = {isa = PBXBuildFile; fileRef = A4FDC7922809ED8000CC5091 /* DetailView.swift */; };
		A4FDC7952809EF8A00CC5091 /* CreditsView.swift in Sources */ = {isa = PBXBuildFile; fileRef = A4FDC7942809EF8A00CC5091 /* CreditsView.swift */; };
		A4FDC7982809EFDC00CC5091 /* HeaderView.swift in Sources */ = {isa = PBXBuildFile; fileRef = A4FDC7972809EFDC00CC5091 /* HeaderView.swift */; };
		A4FDC79A2809F2DA00CC5091 /* SettingsView.swift in Sources */ = {isa = PBXBuildFile; fileRef = A4FDC7992809F2DA00CC5091 /* SettingsView.swift */; };
/* End PBXBuildFile section */

/* Begin PBXContainerItemProxy section */
		A4FDC7672809D03D00CC5091 /* PBXContainerItemProxy */ = {
			isa = PBXContainerItemProxy;
			containerPortal = A4FDC75B2809D03C00CC5091 /* Project object */;
			proxyType = 1;
			remoteGlobalIDString = A4FDC7642809D03C00CC5091;
			remoteInfo = "Notes WatchKit App";
		};
		A4FDC7722809D04200CC5091 /* PBXContainerItemProxy */ = {
			isa = PBXContainerItemProxy;
			containerPortal = A4FDC75B2809D03C00CC5091 /* Project object */;
			proxyType = 1;
			remoteGlobalIDString = A4FDC76F2809D04100CC5091;
			remoteInfo = "Notes WatchKit Extension";
		};
/* End PBXContainerItemProxy section */

/* Begin PBXCopyFilesBuildPhase section */
		A4FDC7862809D04300CC5091 /* Embed App Extensions */ = {
			isa = PBXCopyFilesBuildPhase;
			buildActionMask = 2147483647;
			dstPath = "";
			dstSubfolderSpec = 13;
			files = (
				A4FDC7712809D04200CC5091 /* Notes WatchKit Extension.appex in Embed App Extensions */,
			);
			name = "Embed App Extensions";
			runOnlyForDeploymentPostprocessing = 0;
		};
		A4FDC78A2809D04300CC5091 /* Embed Watch Content */ = {
			isa = PBXCopyFilesBuildPhase;
			buildActionMask = 2147483647;
			dstPath = "$(CONTENTS_FOLDER_PATH)/Watch";
			dstSubfolderSpec = 16;
			files = (
				A4FDC7662809D03D00CC5091 /* Notes WatchKit App.app in Embed Watch Content */,
			);
			name = "Embed Watch Content";
			runOnlyForDeploymentPostprocessing = 0;
		};
/* End PBXCopyFilesBuildPhase section */

/* Begin PBXFileReference section */
		A4FDC7612809D03C00CC5091 /* Notes.app */ = {isa = PBXFileReference; explicitFileType = wrapper.application; includeInIndex = 0; path = Notes.app; sourceTree = BUILT_PRODUCTS_DIR; };
		A4FDC7652809D03D00CC5091 /* Notes WatchKit App.app */ = {isa = PBXFileReference; explicitFileType = wrapper.application; includeInIndex = 0; path = "Notes WatchKit App.app"; sourceTree = BUILT_PRODUCTS_DIR; };
		A4FDC76A2809D04100CC5091 /* Assets.xcassets */ = {isa = PBXFileReference; lastKnownFileType = folder.assetcatalog; path = Assets.xcassets; sourceTree = "<group>"; };
		A4FDC7702809D04200CC5091 /* Notes WatchKit Extension.appex */ = {isa = PBXFileReference; explicitFileType = "wrapper.app-extension"; includeInIndex = 0; path = "Notes WatchKit Extension.appex"; sourceTree = BUILT_PRODUCTS_DIR; };
		A4FDC7752809D04200CC5091 /* ContentView.swift */ = {isa = PBXFileReference; lastKnownFileType = sourcecode.swift; path = ContentView.swift; sourceTree = "<group>"; };
		A4FDC7772809D04200CC5091 /* NotesApp.swift */ = {isa = PBXFileReference; lastKnownFileType = sourcecode.swift; path = NotesApp.swift; sourceTree = "<group>"; };
		A4FDC7792809D04200CC5091 /* ComplicationController.swift */ = {isa = PBXFileReference; lastKnownFileType = sourcecode.swift; path = ComplicationController.swift; sourceTree = "<group>"; };
		A4FDC77B2809D04300CC5091 /* Assets.xcassets */ = {isa = PBXFileReference; lastKnownFileType = folder.assetcatalog; path = Assets.xcassets; sourceTree = "<group>"; };
		A4FDC77E2809D04300CC5091 /* Preview Assets.xcassets */ = {isa = PBXFileReference; lastKnownFileType = folder.assetcatalog; path = "Preview Assets.xcassets"; sourceTree = "<group>"; };
		A4FDC7802809D04300CC5091 /* Info.plist */ = {isa = PBXFileReference; lastKnownFileType = text.plist.xml; path = Info.plist; sourceTree = "<group>"; };
		A4FDC7902809D19700CC5091 /* Note.swift */ = {isa = PBXFileReference; lastKnownFileType = sourcecode.swift; path = Note.swift; sourceTree = "<group>"; };
		A4FDC7922809ED8000CC5091 /* DetailView.swift */ = {isa = PBXFileReference; lastKnownFileType = sourcecode.swift; path = DetailView.swift; sourceTree = "<group>"; };
		A4FDC7942809EF8A00CC5091 /* CreditsView.swift */ = {isa = PBXFileReference; lastKnownFileType = sourcecode.swift; path = CreditsView.swift; sourceTree = "<group>"; };
		A4FDC7972809EFDC00CC5091 /* HeaderView.swift */ = {isa = PBXFileReference; lastKnownFileType = sourcecode.swift; path = HeaderView.swift; sourceTree = "<group>"; };
		A4FDC7992809F2DA00CC5091 /* SettingsView.swift */ = {isa = PBXFileReference; lastKnownFileType = sourcecode.swift; path = SettingsView.swift; sourceTree = "<group>"; };
/* End PBXFileReference section */

/* Begin PBXFrameworksBuildPhase section */
		A4FDC76D2809D04100CC5091 /* Frameworks */ = {
			isa = PBXFrameworksBuildPhase;
			buildActionMask = 2147483647;
			files = (
			);
			runOnlyForDeploymentPostprocessing = 0;
		};
/* End PBXFrameworksBuildPhase section */

/* Begin PBXGroup section */
		A4FDC75A2809D03C00CC5091 = {
			isa = PBXGroup;
			children = (
				A4FDC7692809D03D00CC5091 /* Notes WatchKit App */,
				A4FDC7742809D04200CC5091 /* Notes WatchKit Extension */,
				A4FDC7622809D03C00CC5091 /* Products */,
			);
			sourceTree = "<group>";
		};
		A4FDC7622809D03C00CC5091 /* Products */ = {
			isa = PBXGroup;
			children = (
				A4FDC7612809D03C00CC5091 /* Notes.app */,
				A4FDC7652809D03D00CC5091 /* Notes WatchKit App.app */,
				A4FDC7702809D04200CC5091 /* Notes WatchKit Extension.appex */,
			);
			name = Products;
			sourceTree = "<group>";
		};
		A4FDC7692809D03D00CC5091 /* Notes WatchKit App */ = {
			isa = PBXGroup;
			children = (
				A4FDC76A2809D04100CC5091 /* Assets.xcassets */,
			);
			path = "Notes WatchKit App";
			sourceTree = "<group>";
		};
		A4FDC7742809D04200CC5091 /* Notes WatchKit Extension */ = {
			isa = PBXGroup;
			children = (
				A4FDC7962809EFCD00CC5091 /* Component */,
				A4FDC78F2809D18E00CC5091 /* Model */,
				A4FDC78E2809D18500CC5091 /* View */,
				A4FDC7772809D04200CC5091 /* NotesApp.swift */,
				A4FDC7792809D04200CC5091 /* ComplicationController.swift */,
				A4FDC77B2809D04300CC5091 /* Assets.xcassets */,
				A4FDC7802809D04300CC5091 /* Info.plist */,
				A4FDC77D2809D04300CC5091 /* Preview Content */,
			);
			path = "Notes WatchKit Extension";
			sourceTree = "<group>";
		};
		A4FDC77D2809D04300CC5091 /* Preview Content */ = {
			isa = PBXGroup;
			children = (
				A4FDC77E2809D04300CC5091 /* Preview Assets.xcassets */,
			);
			path = "Preview Content";
			sourceTree = "<group>";
		};
		A4FDC78E2809D18500CC5091 /* View */ = {
			isa = PBXGroup;
			children = (
				A4FDC7752809D04200CC5091 /* ContentView.swift */,
				A4FDC7922809ED8000CC5091 /* DetailView.swift */,
				A4FDC7942809EF8A00CC5091 /* CreditsView.swift */,
				A4FDC7992809F2DA00CC5091 /* SettingsView.swift */,
			);
			path = View;
			sourceTree = "<group>";
		};
		A4FDC78F2809D18E00CC5091 /* Model */ = {
			isa = PBXGroup;
			children = (
				A4FDC7902809D19700CC5091 /* Note.swift */,
			);
			path = Model;
			sourceTree = "<group>";
		};
		A4FDC7962809EFCD00CC5091 /* Component */ = {
			isa = PBXGroup;
			children = (
				A4FDC7972809EFDC00CC5091 /* HeaderView.swift */,
			);
			path = Component;
			sourceTree = "<group>";
		};
/* End PBXGroup section */

/* Begin PBXNativeTarget section */
		A4FDC7602809D03C00CC5091 /* Notes */ = {
			isa = PBXNativeTarget;
			buildConfigurationList = A4FDC78B2809D04300CC5091 /* Build configuration list for PBXNativeTarget "Notes" */;
			buildPhases = (
				A4FDC75F2809D03C00CC5091 /* Resources */,
				A4FDC78A2809D04300CC5091 /* Embed Watch Content */,
			);
			buildRules = (
			);
			dependencies = (
				A4FDC7682809D03D00CC5091 /* PBXTargetDependency */,
			);
			name = Notes;
			productName = Notes;
			productReference = A4FDC7612809D03C00CC5091 /* Notes.app */;
			productType = "com.apple.product-type.application.watchapp2-container";
		};
		A4FDC7642809D03C00CC5091 /* Notes WatchKit App */ = {
			isa = PBXNativeTarget;
			buildConfigurationList = A4FDC7872809D04300CC5091 /* Build configuration list for PBXNativeTarget "Notes WatchKit App" */;
			buildPhases = (
				A4FDC7632809D03C00CC5091 /* Resources */,
				A4FDC7862809D04300CC5091 /* Embed App Extensions */,
			);
			buildRules = (
			);
			dependencies = (
				A4FDC7732809D04200CC5091 /* PBXTargetDependency */,
			);
			name = "Notes WatchKit App";
			productName = "Notes WatchKit App";
			productReference = A4FDC7652809D03D00CC5091 /* Notes WatchKit App.app */;
			productType = "com.apple.product-type.application.watchapp2";
		};
		A4FDC76F2809D04100CC5091 /* Notes WatchKit Extension */ = {
			isa = PBXNativeTarget;
			buildConfigurationList = A4FDC7832809D04300CC5091 /* Build configuration list for PBXNativeTarget "Notes WatchKit Extension" */;
			buildPhases = (
				A4FDC76C2809D04100CC5091 /* Sources */,
				A4FDC76D2809D04100CC5091 /* Frameworks */,
				A4FDC76E2809D04100CC5091 /* Resources */,
			);
			buildRules = (
			);
			dependencies = (
			);
			name = "Notes WatchKit Extension";
			productName = "Notes WatchKit Extension";
			productReference = A4FDC7702809D04200CC5091 /* Notes WatchKit Extension.appex */;
			productType = "com.apple.product-type.watchkit2-extension";
		};
/* End PBXNativeTarget section */

/* Begin PBXProject section */
		A4FDC75B2809D03C00CC5091 /* Project object */ = {
			isa = PBXProject;
			attributes = {
				BuildIndependentTargetsInParallel = 1;
				LastSwiftUpdateCheck = 1300;
				LastUpgradeCheck = 1300;
				TargetAttributes = {
					A4FDC7602809D03C00CC5091 = {
						CreatedOnToolsVersion = 13.0;
					};
					A4FDC7642809D03C00CC5091 = {
						CreatedOnToolsVersion = 13.0;
					};
					A4FDC76F2809D04100CC5091 = {
						CreatedOnToolsVersion = 13.0;
					};
				};
			};
			buildConfigurationList = A4FDC75E2809D03C00CC5091 /* Build configuration list for PBXProject "Notes" */;
			compatibilityVersion = "Xcode 13.0";
			developmentRegion = en;
			hasScannedForEncodings = 0;
			knownRegions = (
				en,
				Base,
			);
			mainGroup = A4FDC75A2809D03C00CC5091;
			productRefGroup = A4FDC7622809D03C00CC5091 /* Products */;
			projectDirPath = "";
			projectRoot = "";
			targets = (
				A4FDC7602809D03C00CC5091 /* Notes */,
				A4FDC7642809D03C00CC5091 /* Notes WatchKit App */,
				A4FDC76F2809D04100CC5091 /* Notes WatchKit Extension */,
			);
		};
/* End PBXProject section */

/* Begin PBXResourcesBuildPhase section */
		A4FDC75F2809D03C00CC5091 /* Resources */ = {
			isa = PBXResourcesBuildPhase;
			buildActionMask = 2147483647;
			files = (
			);
			runOnlyForDeploymentPostprocessing = 0;
		};
		A4FDC7632809D03C00CC5091 /* Resources */ = {
			isa = PBXResourcesBuildPhase;
			buildActionMask = 2147483647;
			files = (
				A4FDC76B2809D04100CC5091 /* Assets.xcassets in Resources */,
			);
			runOnlyForDeploymentPostprocessing = 0;
		};
		A4FDC76E2809D04100CC5091 /* Resources */ = {
			isa = PBXResourcesBuildPhase;
			buildActionMask = 2147483647;
			files = (
				A4FDC77F2809D04300CC5091 /* Preview Assets.xcassets in Resources */,
				A4FDC77C2809D04300CC5091 /* Assets.xcassets in Resources */,
			);
			runOnlyForDeploymentPostprocessing = 0;
		};
/* End PBXResourcesBuildPhase section */

/* Begin PBXSourcesBuildPhase section */
		A4FDC76C2809D04100CC5091 /* Sources */ = {
			isa = PBXSourcesBuildPhase;
			buildActionMask = 2147483647;
			files = (
				A4FDC7762809D04200CC5091 /* ContentView.swift in Sources */,
				A4FDC7782809D04200CC5091 /* NotesApp.swift in Sources */,
				A4FDC77A2809D04200CC5091 /* ComplicationController.swift in Sources */,
				A4FDC7952809EF8A00CC5091 /* CreditsView.swift in Sources */,
				A4FDC7932809ED8000CC5091 /* DetailView.swift in Sources */,
				A4FDC7912809D19700CC5091 /* Note.swift in Sources */,
				A4FDC7982809EFDC00CC5091 /* HeaderView.swift in Sources */,
				A4FDC79A2809F2DA00CC5091 /* SettingsView.swift in Sources */,
			);
			runOnlyForDeploymentPostprocessing = 0;
		};
/* End PBXSourcesBuildPhase section */

/* Begin PBXTargetDependency section */
		A4FDC7682809D03D00CC5091 /* PBXTargetDependency */ = {
			isa = PBXTargetDependency;
			target = A4FDC7642809D03C00CC5091 /* Notes WatchKit App */;
			targetProxy = A4FDC7672809D03D00CC5091 /* PBXContainerItemProxy */;
		};
		A4FDC7732809D04200CC5091 /* PBXTargetDependency */ = {
			isa = PBXTargetDependency;
			target = A4FDC76F2809D04100CC5091 /* Notes WatchKit Extension */;
			targetProxy = A4FDC7722809D04200CC5091 /* PBXContainerItemProxy */;
		};
/* End PBXTargetDependency section */

/* Begin XCBuildConfiguration section */
		A4FDC7812809D04300CC5091 /* Debug */ = {
			isa = XCBuildConfiguration;
			buildSettings = {
				ALWAYS_SEARCH_USER_PATHS = NO;
				CLANG_ANALYZER_NONNULL = YES;
				CLANG_ANALYZER_NUMBER_OBJECT_CONVERSION = YES_AGGRESSIVE;
				CLANG_CXX_LANGUAGE_STANDARD = "gnu++14";
				CLANG_CXX_LIBRARY = "libc++";
				CLANG_ENABLE_MODULES = YES;
				CLANG_ENABLE_OBJC_ARC = YES;
				CLANG_ENABLE_OBJC_WEAK = YES;
				CLANG_WARN_BLOCK_CAPTURE_AUTORELEASING = YES;
				CLANG_WARN_BOOL_CONVERSION = YES;
				CLANG_WARN_COMMA = YES;
				CLANG_WARN_CONSTANT_CONVERSION = YES;
				CLANG_WARN_DEPRECATED_OBJC_IMPLEMENTATIONS = YES;
				CLANG_WARN_DIRECT_OBJC_ISA_USAGE = YES_ERROR;
				CLANG_WARN_DOCUMENTATION_COMMENTS = YES;
				CLANG_WARN_EMPTY_BODY = YES;
				CLANG_WARN_ENUM_CONVERSION = YES;
				CLANG_WARN_INFINITE_RECURSION = YES;
				CLANG_WARN_INT_CONVERSION = YES;
				CLANG_WARN_NON_LITERAL_NULL_CONVERSION = YES;
				CLANG_WARN_OBJC_IMPLICIT_RETAIN_SELF = YES;
				CLANG_WARN_OBJC_LITERAL_CONVERSION = YES;
				CLANG_WARN_OBJC_ROOT_CLASS = YES_ERROR;
				CLANG_WARN_QUOTED_INCLUDE_IN_FRAMEWORK_HEADER = YES;
				CLANG_WARN_RANGE_LOOP_ANALYSIS = YES;
				CLANG_WARN_STRICT_PROTOTYPES = YES;
				CLANG_WARN_SUSPICIOUS_MOVE = YES;
				CLANG_WARN_UNGUARDED_AVAILABILITY = YES_AGGRESSIVE;
				CLANG_WARN_UNREACHABLE_CODE = YES;
				CLANG_WARN__DUPLICATE_METHOD_MATCH = YES;
				COPY_PHASE_STRIP = NO;
				DEBUG_INFORMATION_FORMAT = dwarf;
				ENABLE_STRICT_OBJC_MSGSEND = YES;
				ENABLE_TESTABILITY = YES;
				GCC_C_LANGUAGE_STANDARD = gnu11;
				GCC_DYNAMIC_NO_PIC = NO;
				GCC_NO_COMMON_BLOCKS = YES;
				GCC_OPTIMIZATION_LEVEL = 0;
				GCC_PREPROCESSOR_DEFINITIONS = (
					"DEBUG=1",
					"$(inherited)",
				);
				GCC_WARN_64_TO_32_BIT_CONVERSION = YES;
				GCC_WARN_ABOUT_RETURN_TYPE = YES_ERROR;
				GCC_WARN_UNDECLARED_SELECTOR = YES;
				GCC_WARN_UNINITIALIZED_AUTOS = YES_AGGRESSIVE;
				GCC_WARN_UNUSED_FUNCTION = YES;
				GCC_WARN_UNUSED_VARIABLE = YES;
				MTL_ENABLE_DEBUG_INFO = INCLUDE_SOURCE;
				MTL_FAST_MATH = YES;
				ONLY_ACTIVE_ARCH = YES;
				SDKROOT = iphoneos;
				SWIFT_ACTIVE_COMPILATION_CONDITIONS = DEBUG;
				SWIFT_OPTIMIZATION_LEVEL = "-Onone";
			};
			name = Debug;
		};
		A4FDC7822809D04300CC5091 /* Release */ = {
			isa = XCBuildConfiguration;
			buildSettings = {
				ALWAYS_SEARCH_USER_PATHS = NO;
				CLANG_ANALYZER_NONNULL = YES;
				CLANG_ANALYZER_NUMBER_OBJECT_CONVERSION = YES_AGGRESSIVE;
				CLANG_CXX_LANGUAGE_STANDARD = "gnu++14";
				CLANG_CXX_LIBRARY = "libc++";
				CLANG_ENABLE_MODULES = YES;
				CLANG_ENABLE_OBJC_ARC = YES;
				CLANG_ENABLE_OBJC_WEAK = YES;
				CLANG_WARN_BLOCK_CAPTURE_AUTORELEASING = YES;
				CLANG_WARN_BOOL_CONVERSION = YES;
				CLANG_WARN_COMMA = YES;
				CLANG_WARN_CONSTANT_CONVERSION = YES;
				CLANG_WARN_DEPRECATED_OBJC_IMPLEMENTATIONS = YES;
				CLANG_WARN_DIRECT_OBJC_ISA_USAGE = YES_ERROR;
				CLANG_WARN_DOCUMENTATION_COMMENTS = YES;
				CLANG_WARN_EMPTY_BODY = YES;
				CLANG_WARN_ENUM_CONVERSION = YES;
				CLANG_WARN_INFINITE_RECURSION = YES;
				CLANG_WARN_INT_CONVERSION = YES;
				CLANG_WARN_NON_LITERAL_NULL_CONVERSION = YES;
				CLANG_WARN_OBJC_IMPLICIT_RETAIN_SELF = YES;
				CLANG_WARN_OBJC_LITERAL_CONVERSION = YES;
				CLANG_WARN_OBJC_ROOT_CLASS = YES_ERROR;
				CLANG_WARN_QUOTED_INCLUDE_IN_FRAMEWORK_HEADER = YES;
				CLANG_WARN_RANGE_LOOP_ANALYSIS = YES;
				CLANG_WARN_STRICT_PROTOTYPES = YES;
				CLANG_WARN_SUSPICIOUS_MOVE = YES;
				CLANG_WARN_UNGUARDED_AVAILABILITY = YES_AGGRESSIVE;
				CLANG_WARN_UNREACHABLE_CODE = YES;
				CLANG_WARN__DUPLICATE_METHOD_MATCH = YES;
				COPY_PHASE_STRIP = NO;
				DEBUG_INFORMATION_FORMAT = "dwarf-with-dsym";
				ENABLE_NS_ASSERTIONS = NO;
				ENABLE_STRICT_OBJC_MSGSEND = YES;
				GCC_C_LANGUAGE_STANDARD = gnu11;
				GCC_NO_COMMON_BLOCKS = YES;
				GCC_WARN_64_TO_32_BIT_CONVERSION = YES;
				GCC_WARN_ABOUT_RETURN_TYPE = YES_ERROR;
				GCC_WARN_UNDECLARED_SELECTOR = YES;
				GCC_WARN_UNINITIALIZED_AUTOS = YES_AGGRESSIVE;
				GCC_WARN_UNUSED_FUNCTION = YES;
				GCC_WARN_UNUSED_VARIABLE = YES;
				MTL_ENABLE_DEBUG_INFO = NO;
				MTL_FAST_MATH = YES;
				SDKROOT = iphoneos;
				SWIFT_COMPILATION_MODE = wholemodule;
				SWIFT_OPTIMIZATION_LEVEL = "-O";
				VALIDATE_PRODUCT = YES;
			};
			name = Release;
		};
		A4FDC7842809D04300CC5091 /* Debug */ = {
			isa = XCBuildConfiguration;
			buildSettings = {
				ASSETCATALOG_COMPILER_COMPLICATION_NAME = Complication;
				CODE_SIGN_STYLE = Automatic;
				CURRENT_PROJECT_VERSION = 1;
				DEVELOPMENT_ASSET_PATHS = "\"Notes WatchKit Extension/Preview Content\"";
				DEVELOPMENT_TEAM = WQWCUMF3L5;
				ENABLE_PREVIEWS = YES;
				GENERATE_INFOPLIST_FILE = YES;
				INFOPLIST_FILE = "Notes WatchKit Extension/Info.plist";
				INFOPLIST_KEY_CFBundleDisplayName = "Notes WatchKit Extension";
				INFOPLIST_KEY_CLKComplicationPrincipalClass = "$(PRODUCT_MODULE_NAME).ComplicationController";
				INFOPLIST_KEY_NSHumanReadableCopyright = "";
				INFOPLIST_KEY_WKWatchOnly = YES;
				LD_RUNPATH_SEARCH_PATHS = (
					"$(inherited)",
					"@executable_path/Frameworks",
					"@executable_path/../../Frameworks",
				);
				MARKETING_VERSION = 1.0;
				PRODUCT_BUNDLE_IDENTIFIER = br.com.luannluna.Notes.watchkitapp.watchkitextension;
				PRODUCT_NAME = "${TARGET_NAME}";
				SDKROOT = watchos;
				SKIP_INSTALL = YES;
				SWIFT_EMIT_LOC_STRINGS = YES;
				SWIFT_VERSION = 5.0;
				TARGETED_DEVICE_FAMILY = 4;
				WATCHOS_DEPLOYMENT_TARGET = 8.0;
			};
			name = Debug;
		};
		A4FDC7852809D04300CC5091 /* Release */ = {
			isa = XCBuildConfiguration;
			buildSettings = {
				ASSETCATALOG_COMPILER_COMPLICATION_NAME = Complication;
				CODE_SIGN_STYLE = Automatic;
				CURRENT_PROJECT_VERSION = 1;
				DEVELOPMENT_ASSET_PATHS = "\"Notes WatchKit Extension/Preview Content\"";
				DEVELOPMENT_TEAM = WQWCUMF3L5;
				ENABLE_PREVIEWS = YES;
				GENERATE_INFOPLIST_FILE = YES;
				INFOPLIST_FILE = "Notes WatchKit Extension/Info.plist";
				INFOPLIST_KEY_CFBundleDisplayName = "Notes WatchKit Extension";
				INFOPLIST_KEY_CLKComplicationPrincipalClass = "$(PRODUCT_MODULE_NAME).ComplicationController";
				INFOPLIST_KEY_NSHumanReadableCopyright = "";
				INFOPLIST_KEY_WKWatchOnly = YES;
				LD_RUNPATH_SEARCH_PATHS = (
					"$(inherited)",
					"@executable_path/Frameworks",
					"@executable_path/../../Frameworks",
				);
				MARKETING_VERSION = 1.0;
				PRODUCT_BUNDLE_IDENTIFIER = br.com.luannluna.Notes.watchkitapp.watchkitextension;
				PRODUCT_NAME = "${TARGET_NAME}";
				SDKROOT = watchos;
				SKIP_INSTALL = YES;
				SWIFT_EMIT_LOC_STRINGS = YES;
				SWIFT_VERSION = 5.0;
				TARGETED_DEVICE_FAMILY = 4;
				WATCHOS_DEPLOYMENT_TARGET = 8.0;
			};
			name = Release;
		};
		A4FDC7882809D04300CC5091 /* Debug */ = {
			isa = XCBuildConfiguration;
			buildSettings = {
				ALWAYS_EMBED_SWIFT_STANDARD_LIBRARIES = YES;
				ASSETCATALOG_COMPILER_APPICON_NAME = AppIcon;
				ASSETCATALOG_COMPILER_GLOBAL_ACCENT_COLOR_NAME = AccentColor;
				CODE_SIGN_STYLE = Automatic;
				CURRENT_PROJECT_VERSION = 1;
				DEVELOPMENT_TEAM = WQWCUMF3L5;
				GENERATE_INFOPLIST_FILE = YES;
				IBSC_MODULE = Notes_WatchKit_Extension;
				INFOPLIST_KEY_CFBundleDisplayName = "Notes WatchKit App";
				INFOPLIST_KEY_UISupportedInterfaceOrientations = "UIInterfaceOrientationPortrait UIInterfaceOrientationPortraitUpsideDown";
				MARKETING_VERSION = 1.0;
				PRODUCT_BUNDLE_IDENTIFIER = br.com.luannluna.Notes.watchkitapp;
				PRODUCT_NAME = "$(TARGET_NAME)";
				SDKROOT = watchos;
				SKIP_INSTALL = YES;
				SWIFT_EMIT_LOC_STRINGS = YES;
				SWIFT_VERSION = 5.0;
				TARGETED_DEVICE_FAMILY = 4;
				WATCHOS_DEPLOYMENT_TARGET = 8.0;
			};
			name = Debug;
		};
		A4FDC7892809D04300CC5091 /* Release */ = {
			isa = XCBuildConfiguration;
			buildSettings = {
				ALWAYS_EMBED_SWIFT_STANDARD_LIBRARIES = YES;
				ASSETCATALOG_COMPILER_APPICON_NAME = AppIcon;
				ASSETCATALOG_COMPILER_GLOBAL_ACCENT_COLOR_NAME = AccentColor;
				CODE_SIGN_STYLE = Automatic;
				CURRENT_PROJECT_VERSION = 1;
				DEVELOPMENT_TEAM = WQWCUMF3L5;
				GENERATE_INFOPLIST_FILE = YES;
				IBSC_MODULE = Notes_WatchKit_Extension;
				INFOPLIST_KEY_CFBundleDisplayName = "Notes WatchKit App";
				INFOPLIST_KEY_UISupportedInterfaceOrientations = "UIInterfaceOrientationPortrait UIInterfaceOrientationPortraitUpsideDown";
				MARKETING_VERSION = 1.0;
				PRODUCT_BUNDLE_IDENTIFIER = br.com.luannluna.Notes.watchkitapp;
				PRODUCT_NAME = "$(TARGET_NAME)";
				SDKROOT = watchos;
				SKIP_INSTALL = YES;
				SWIFT_EMIT_LOC_STRINGS = YES;
				SWIFT_VERSION = 5.0;
				TARGETED_DEVICE_FAMILY = 4;
				WATCHOS_DEPLOYMENT_TARGET = 8.0;
			};
			name = Release;
		};
		A4FDC78C2809D04300CC5091 /* Debug */ = {
			isa = XCBuildConfiguration;
			buildSettings = {
				CODE_SIGN_STYLE = Automatic;
				CURRENT_PROJECT_VERSION = 1;
				DEVELOPMENT_TEAM = WQWCUMF3L5;
				MARKETING_VERSION = 1.0;
				PRODUCT_BUNDLE_IDENTIFIER = br.com.luannluna.Notes;
				PRODUCT_NAME = "$(TARGET_NAME)";
				SWIFT_VERSION = 5.0;
			};
			name = Debug;
		};
		A4FDC78D2809D04300CC5091 /* Release */ = {
			isa = XCBuildConfiguration;
			buildSettings = {
				CODE_SIGN_STYLE = Automatic;
				CURRENT_PROJECT_VERSION = 1;
				DEVELOPMENT_TEAM = WQWCUMF3L5;
				MARKETING_VERSION = 1.0;
				PRODUCT_BUNDLE_IDENTIFIER = br.com.luannluna.Notes;
				PRODUCT_NAME = "$(TARGET_NAME)";
				SWIFT_VERSION = 5.0;
			};
			name = Release;
		};
/* End XCBuildConfiguration section */

/* Begin XCConfigurationList section */
		A4FDC75E2809D03C00CC5091 /* Build configuration list for PBXProject "Notes" */ = {
			isa = XCConfigurationList;
			buildConfigurations = (
				A4FDC7812809D04300CC5091 /* Debug */,
				A4FDC7822809D04300CC5091 /* Release */,
			);
			defaultConfigurationIsVisible = 0;
			defaultConfigurationName = Release;
		};
		A4FDC7832809D04300CC5091 /* Build configuration list for PBXNativeTarget "Notes WatchKit Extension" */ = {
			isa = XCConfigurationList;
			buildConfigurations = (
				A4FDC7842809D04300CC5091 /* Debug */,
				A4FDC7852809D04300CC5091 /* Release */,
			);
			defaultConfigurationIsVisible = 0;
			defaultConfigurationName = Release;
		};
		A4FDC7872809D04300CC5091 /* Build configuration list for PBXNativeTarget "Notes WatchKit App" */ = {
			isa = XCConfigurationList;
			buildConfigurations = (
				A4FDC7882809D04300CC5091 /* Debug */,
				A4FDC7892809D04300CC5091 /* Release */,
			);
			defaultConfigurationIsVisible = 0;
			defaultConfigurationName = Release;
		};
		A4FDC78B2809D04300CC5091 /* Build configuration list for PBXNativeTarget "Notes" */ = {
			isa = XCConfigurationList;
			buildConfigurations = (
				A4FDC78C2809D04300CC5091 /* Debug */,
				A4FDC78D2809D04300CC5091 /* Release */,
			);
			defaultConfigurationIsVisible = 0;
			defaultConfigurationName = Release;
		};
/* End XCConfigurationList section */
	};
	rootObject = A4FDC75B2809D03C00CC5091 /* Project object */;
}
