// !$*UTF8*$!
{
	archiveVersion = 1;
	classes = {
	};
	objectVersion = 55;
	objects = {

/* Begin PBXBuildFile section */
		A4FB579E27FB372D00EE0A5E /* _4__FructusApp.swift in Sources */ = {isa = PBXBuildFile; fileRef = A4FB579D27FB372D00EE0A5E /* _4__FructusApp.swift */; };
		A4FB57A027FB372D00EE0A5E /* ContentView.swift in Sources */ = {isa = PBXBuildFile; fileRef = A4FB579F27FB372D00EE0A5E /* ContentView.swift */; };
		A4FB57A227FB372F00EE0A5E /* Assets.xcassets in Resources */ = {isa = PBXBuildFile; fileRef = A4FB57A127FB372F00EE0A5E /* Assets.xcassets */; };
		A4FB57A527FB372F00EE0A5E /* Preview Assets.xcassets in Resources */ = {isa = PBXBuildFile; fileRef = A4FB57A427FB372F00EE0A5E /* Preview Assets.xcassets */; };
		A4FB57B227FB3BDD00EE0A5E /* FruitCardView.swift in Sources */ = {isa = PBXBuildFile; fileRef = A4FB57B127FB3BDD00EE0A5E /* FruitCardView.swift */; };
		A4FB57B427FB3E2600EE0A5E /* StartButtonView.swift in Sources */ = {isa = PBXBuildFile; fileRef = A4FB57B327FB3E2600EE0A5E /* StartButtonView.swift */; };
		A4FB57B627FB41B200EE0A5E /* OnboardingView.swift in Sources */ = {isa = PBXBuildFile; fileRef = A4FB57B527FB41B200EE0A5E /* OnboardingView.swift */; };
		A4FB57B927FB42D500EE0A5E /* FruitModel.swift in Sources */ = {isa = PBXBuildFile; fileRef = A4FB57B827FB42D500EE0A5E /* FruitModel.swift */; };
		A4FB57BB27FB43AD00EE0A5E /* FruitsData.swift in Sources */ = {isa = PBXBuildFile; fileRef = A4FB57BA27FB43AD00EE0A5E /* FruitsData.swift */; };
		A4FB57BD27FB4A0F00EE0A5E /* FruitRowView.swift in Sources */ = {isa = PBXBuildFile; fileRef = A4FB57BC27FB4A0F00EE0A5E /* FruitRowView.swift */; };
		A4FB57BF27FB4C6D00EE0A5E /* FruitDetailView.swift in Sources */ = {isa = PBXBuildFile; fileRef = A4FB57BE27FB4C6D00EE0A5E /* FruitDetailView.swift */; };
		A4FB57C127FB4F1A00EE0A5E /* FruitHeaderView.swift in Sources */ = {isa = PBXBuildFile; fileRef = A4FB57C027FB4F1A00EE0A5E /* FruitHeaderView.swift */; };
		A4FB57C327FB508100EE0A5E /* SourceLinkView.swift in Sources */ = {isa = PBXBuildFile; fileRef = A4FB57C227FB508100EE0A5E /* SourceLinkView.swift */; };
		A4FB57C527FB58FA00EE0A5E /* FruitNutrientsView.swift in Sources */ = {isa = PBXBuildFile; fileRef = A4FB57C427FB58FA00EE0A5E /* FruitNutrientsView.swift */; };
		A4FB57C727FB5B9300EE0A5E /* SettingsView.swift in Sources */ = {isa = PBXBuildFile; fileRef = A4FB57C627FB5B9300EE0A5E /* SettingsView.swift */; };
		A4FB57C927FB5E3000EE0A5E /* SettingsLabelView.swift in Sources */ = {isa = PBXBuildFile; fileRef = A4FB57C827FB5E3000EE0A5E /* SettingsLabelView.swift */; };
		A4FB57CB27FB602C00EE0A5E /* SettingsRowView.swift in Sources */ = {isa = PBXBuildFile; fileRef = A4FB57CA27FB602C00EE0A5E /* SettingsRowView.swift */; };
/* End PBXBuildFile section */

/* Begin PBXFileReference section */
		A4FB579A27FB372D00EE0A5E /* 04. Fructus.app */ = {isa = PBXFileReference; explicitFileType = wrapper.application; includeInIndex = 0; path = "04. Fructus.app"; sourceTree = BUILT_PRODUCTS_DIR; };
		A4FB579D27FB372D00EE0A5E /* _4__FructusApp.swift */ = {isa = PBXFileReference; lastKnownFileType = sourcecode.swift; path = _4__FructusApp.swift; sourceTree = "<group>"; };
		A4FB579F27FB372D00EE0A5E /* ContentView.swift */ = {isa = PBXFileReference; lastKnownFileType = sourcecode.swift; path = ContentView.swift; sourceTree = "<group>"; };
		A4FB57A127FB372F00EE0A5E /* Assets.xcassets */ = {isa = PBXFileReference; lastKnownFileType = folder.assetcatalog; path = Assets.xcassets; sourceTree = "<group>"; };
		A4FB57A427FB372F00EE0A5E /* Preview Assets.xcassets */ = {isa = PBXFileReference; lastKnownFileType = folder.assetcatalog; path = "Preview Assets.xcassets"; sourceTree = "<group>"; };
		A4FB57AB27FB37F700EE0A5E /* -4--Fructus-Info.plist */ = {isa = PBXFileReference; lastKnownFileType = text.plist; path = "-4--Fructus-Info.plist"; sourceTree = SOURCE_ROOT; };
		A4FB57B127FB3BDD00EE0A5E /* FruitCardView.swift */ = {isa = PBXFileReference; lastKnownFileType = sourcecode.swift; path = FruitCardView.swift; sourceTree = "<group>"; };
		A4FB57B327FB3E2600EE0A5E /* StartButtonView.swift */ = {isa = PBXFileReference; lastKnownFileType = sourcecode.swift; path = StartButtonView.swift; sourceTree = "<group>"; };
		A4FB57B527FB41B200EE0A5E /* OnboardingView.swift */ = {isa = PBXFileReference; lastKnownFileType = sourcecode.swift; path = OnboardingView.swift; sourceTree = "<group>"; };
		A4FB57B827FB42D500EE0A5E /* FruitModel.swift */ = {isa = PBXFileReference; lastKnownFileType = sourcecode.swift; path = FruitModel.swift; sourceTree = "<group>"; };
		A4FB57BA27FB43AD00EE0A5E /* FruitsData.swift */ = {isa = PBXFileReference; fileEncoding = 4; lastKnownFileType = sourcecode.swift; path = FruitsData.swift; sourceTree = "<group>"; };
		A4FB57BC27FB4A0F00EE0A5E /* FruitRowView.swift */ = {isa = PBXFileReference; lastKnownFileType = sourcecode.swift; path = FruitRowView.swift; sourceTree = "<group>"; };
		A4FB57BE27FB4C6D00EE0A5E /* FruitDetailView.swift */ = {isa = PBXFileReference; lastKnownFileType = sourcecode.swift; path = FruitDetailView.swift; sourceTree = "<group>"; };
		A4FB57C027FB4F1A00EE0A5E /* FruitHeaderView.swift */ = {isa = PBXFileReference; lastKnownFileType = sourcecode.swift; path = FruitHeaderView.swift; sourceTree = "<group>"; };
		A4FB57C227FB508100EE0A5E /* SourceLinkView.swift */ = {isa = PBXFileReference; lastKnownFileType = sourcecode.swift; path = SourceLinkView.swift; sourceTree = "<group>"; };
		A4FB57C427FB58FA00EE0A5E /* FruitNutrientsView.swift */ = {isa = PBXFileReference; lastKnownFileType = sourcecode.swift; path = FruitNutrientsView.swift; sourceTree = "<group>"; };
		A4FB57C627FB5B9300EE0A5E /* SettingsView.swift */ = {isa = PBXFileReference; lastKnownFileType = sourcecode.swift; path = SettingsView.swift; sourceTree = "<group>"; };
		A4FB57C827FB5E3000EE0A5E /* SettingsLabelView.swift */ = {isa = PBXFileReference; lastKnownFileType = sourcecode.swift; path = SettingsLabelView.swift; sourceTree = "<group>"; };
		A4FB57CA27FB602C00EE0A5E /* SettingsRowView.swift */ = {isa = PBXFileReference; lastKnownFileType = sourcecode.swift; path = SettingsRowView.swift; sourceTree = "<group>"; };
/* End PBXFileReference section */

/* Begin PBXFrameworksBuildPhase section */
		A4FB579727FB372D00EE0A5E /* Frameworks */ = {
			isa = PBXFrameworksBuildPhase;
			buildActionMask = 2147483647;
			files = (
			);
			runOnlyForDeploymentPostprocessing = 0;
		};
/* End PBXFrameworksBuildPhase section */

/* Begin PBXGroup section */
		A4FB579127FB372D00EE0A5E = {
			isa = PBXGroup;
			children = (
				A4FB579C27FB372D00EE0A5E /* 04. Fructus */,
				A4FB579B27FB372D00EE0A5E /* Products */,
			);
			sourceTree = "<group>";
		};
		A4FB579B27FB372D00EE0A5E /* Products */ = {
			isa = PBXGroup;
			children = (
				A4FB579A27FB372D00EE0A5E /* 04. Fructus.app */,
			);
			name = Products;
			sourceTree = "<group>";
		};
		A4FB579C27FB372D00EE0A5E /* 04. Fructus */ = {
			isa = PBXGroup;
			children = (
				A4FB57B727FB42C400EE0A5E /* Model */,
				A4FB57B027FB3BAC00EE0A5E /* View */,
				A4FB57AC27FB384700EE0A5E /* Data */,
				A4FB57AB27FB37F700EE0A5E /* -4--Fructus-Info.plist */,
				A4FB57AF27FB3B8E00EE0A5E /* App */,
				A4FB57A127FB372F00EE0A5E /* Assets.xcassets */,
				A4FB57A327FB372F00EE0A5E /* Preview Content */,
			);
			path = "04. Fructus";
			sourceTree = "<group>";
		};
		A4FB57A327FB372F00EE0A5E /* Preview Content */ = {
			isa = PBXGroup;
			children = (
				A4FB57A427FB372F00EE0A5E /* Preview Assets.xcassets */,
			);
			path = "Preview Content";
			sourceTree = "<group>";
		};
		A4FB57AC27FB384700EE0A5E /* Data */ = {
			isa = PBXGroup;
			children = (
				A4FB57BA27FB43AD00EE0A5E /* FruitsData.swift */,
			);
			path = Data;
			sourceTree = "<group>";
		};
		A4FB57AF27FB3B8E00EE0A5E /* App */ = {
			isa = PBXGroup;
			children = (
				A4FB579D27FB372D00EE0A5E /* _4__FructusApp.swift */,
				A4FB579F27FB372D00EE0A5E /* ContentView.swift */,
				A4FB57B527FB41B200EE0A5E /* OnboardingView.swift */,
			);
			path = App;
			sourceTree = "<group>";
		};
		A4FB57B027FB3BAC00EE0A5E /* View */ = {
			isa = PBXGroup;
			children = (
				A4FB57B127FB3BDD00EE0A5E /* FruitCardView.swift */,
				A4FB57B327FB3E2600EE0A5E /* StartButtonView.swift */,
				A4FB57BC27FB4A0F00EE0A5E /* FruitRowView.swift */,
				A4FB57BE27FB4C6D00EE0A5E /* FruitDetailView.swift */,
				A4FB57C027FB4F1A00EE0A5E /* FruitHeaderView.swift */,
				A4FB57C227FB508100EE0A5E /* SourceLinkView.swift */,
				A4FB57C427FB58FA00EE0A5E /* FruitNutrientsView.swift */,
				A4FB57C627FB5B9300EE0A5E /* SettingsView.swift */,
				A4FB57C827FB5E3000EE0A5E /* SettingsLabelView.swift */,
				A4FB57CA27FB602C00EE0A5E /* SettingsRowView.swift */,
			);
			path = View;
			sourceTree = "<group>";
		};
		A4FB57B727FB42C400EE0A5E /* Model */ = {
			isa = PBXGroup;
			children = (
				A4FB57B827FB42D500EE0A5E /* FruitModel.swift */,
			);
			path = Model;
			sourceTree = "<group>";
		};
/* End PBXGroup section */

/* Begin PBXNativeTarget section */
		A4FB579927FB372D00EE0A5E /* 04. Fructus */ = {
			isa = PBXNativeTarget;
			buildConfigurationList = A4FB57A827FB372F00EE0A5E /* Build configuration list for PBXNativeTarget "04. Fructus" */;
			buildPhases = (
				A4FB579627FB372D00EE0A5E /* Sources */,
				A4FB579727FB372D00EE0A5E /* Frameworks */,
				A4FB579827FB372D00EE0A5E /* Resources */,
			);
			buildRules = (
			);
			dependencies = (
			);
			name = "04. Fructus";
			productName = "04. Fructus";
			productReference = A4FB579A27FB372D00EE0A5E /* 04. Fructus.app */;
			productType = "com.apple.product-type.application";
		};
/* End PBXNativeTarget section */

/* Begin PBXProject section */
		A4FB579227FB372D00EE0A5E /* Project object */ = {
			isa = PBXProject;
			attributes = {
				BuildIndependentTargetsInParallel = 1;
				LastSwiftUpdateCheck = 1300;
				LastUpgradeCheck = 1300;
				TargetAttributes = {
					A4FB579927FB372D00EE0A5E = {
						CreatedOnToolsVersion = 13.0;
					};
				};
			};
			buildConfigurationList = A4FB579527FB372D00EE0A5E /* Build configuration list for PBXProject "04. Fructus" */;
			compatibilityVersion = "Xcode 13.0";
			developmentRegion = en;
			hasScannedForEncodings = 0;
			knownRegions = (
				en,
				Base,
			);
			mainGroup = A4FB579127FB372D00EE0A5E;
			productRefGroup = A4FB579B27FB372D00EE0A5E /* Products */;
			projectDirPath = "";
			projectRoot = "";
			targets = (
				A4FB579927FB372D00EE0A5E /* 04. Fructus */,
			);
		};
/* End PBXProject section */

/* Begin PBXResourcesBuildPhase section */
		A4FB579827FB372D00EE0A5E /* Resources */ = {
			isa = PBXResourcesBuildPhase;
			buildActionMask = 2147483647;
			files = (
				A4FB57A527FB372F00EE0A5E /* Preview Assets.xcassets in Resources */,
				A4FB57A227FB372F00EE0A5E /* Assets.xcassets in Resources */,
			);
			runOnlyForDeploymentPostprocessing = 0;
		};
/* End PBXResourcesBuildPhase section */

/* Begin PBXSourcesBuildPhase section */
		A4FB579627FB372D00EE0A5E /* Sources */ = {
			isa = PBXSourcesBuildPhase;
			buildActionMask = 2147483647;
			files = (
				A4FB57B227FB3BDD00EE0A5E /* FruitCardView.swift in Sources */,
				A4FB57C327FB508100EE0A5E /* SourceLinkView.swift in Sources */,
				A4FB57CB27FB602C00EE0A5E /* SettingsRowView.swift in Sources */,
				A4FB57B427FB3E2600EE0A5E /* StartButtonView.swift in Sources */,
				A4FB57BD27FB4A0F00EE0A5E /* FruitRowView.swift in Sources */,
				A4FB57C527FB58FA00EE0A5E /* FruitNutrientsView.swift in Sources */,
				A4FB57A027FB372D00EE0A5E /* ContentView.swift in Sources */,
				A4FB57BF27FB4C6D00EE0A5E /* FruitDetailView.swift in Sources */,
				A4FB57B627FB41B200EE0A5E /* OnboardingView.swift in Sources */,
				A4FB57C127FB4F1A00EE0A5E /* FruitHeaderView.swift in Sources */,
				A4FB57BB27FB43AD00EE0A5E /* FruitsData.swift in Sources */,
				A4FB57C927FB5E3000EE0A5E /* SettingsLabelView.swift in Sources */,
				A4FB57B927FB42D500EE0A5E /* FruitModel.swift in Sources */,
				A4FB579E27FB372D00EE0A5E /* _4__FructusApp.swift in Sources */,
				A4FB57C727FB5B9300EE0A5E /* SettingsView.swift in Sources */,
			);
			runOnlyForDeploymentPostprocessing = 0;
		};
/* End PBXSourcesBuildPhase section */

/* Begin XCBuildConfiguration section */
		A4FB57A627FB372F00EE0A5E /* Debug */ = {
			isa = XCBuildConfiguration;
			buildSettings = {
				ALWAYS_SEARCH_USER_PATHS = NO;
				CLANG_ANALYZER_NONNULL = YES;
				CLANG_ANALYZER_NUMBER_OBJECT_CONVERSION = YES_AGGRESSIVE;
				CLANG_CXX_LANGUAGE_STANDARD = "gnu++14";
				CLANG_CXX_LIBRARY = "libc++";
				CLANG_ENABLE_MODULES = YES;
				CLANG_ENABLE_OBJC_ARC = YES;
				CLANG_ENABLE_OBJC_WEAK = YES;
				CLANG_WARN_BLOCK_CAPTURE_AUTORELEASING = YES;
				CLANG_WARN_BOOL_CONVERSION = YES;
				CLANG_WARN_COMMA = YES;
				CLANG_WARN_CONSTANT_CONVERSION = YES;
				CLANG_WARN_DEPRECATED_OBJC_IMPLEMENTATIONS = YES;
				CLANG_WARN_DIRECT_OBJC_ISA_USAGE = YES_ERROR;
				CLANG_WARN_DOCUMENTATION_COMMENTS = YES;
				CLANG_WARN_EMPTY_BODY = YES;
				CLANG_WARN_ENUM_CONVERSION = YES;
				CLANG_WARN_INFINITE_RECURSION = YES;
				CLANG_WARN_INT_CONVERSION = YES;
				CLANG_WARN_NON_LITERAL_NULL_CONVERSION = YES;
				CLANG_WARN_OBJC_IMPLICIT_RETAIN_SELF = YES;
				CLANG_WARN_OBJC_LITERAL_CONVERSION = YES;
				CLANG_WARN_OBJC_ROOT_CLASS = YES_ERROR;
				CLANG_WARN_QUOTED_INCLUDE_IN_FRAMEWORK_HEADER = YES;
				CLANG_WARN_RANGE_LOOP_ANALYSIS = YES;
				CLANG_WARN_STRICT_PROTOTYPES = YES;
				CLANG_WARN_SUSPICIOUS_MOVE = YES;
				CLANG_WARN_UNGUARDED_AVAILABILITY = YES_AGGRESSIVE;
				CLANG_WARN_UNREACHABLE_CODE = YES;
				CLANG_WARN__DUPLICATE_METHOD_MATCH = YES;
				COPY_PHASE_STRIP = NO;
				DEBUG_INFORMATION_FORMAT = dwarf;
				ENABLE_STRICT_OBJC_MSGSEND = YES;
				ENABLE_TESTABILITY = YES;
				GCC_C_LANGUAGE_STANDARD = gnu11;
				GCC_DYNAMIC_NO_PIC = NO;
				GCC_NO_COMMON_BLOCKS = YES;
				GCC_OPTIMIZATION_LEVEL = 0;
				GCC_PREPROCESSOR_DEFINITIONS = (
					"DEBUG=1",
					"$(inherited)",
				);
				GCC_WARN_64_TO_32_BIT_CONVERSION = YES;
				GCC_WARN_ABOUT_RETURN_TYPE = YES_ERROR;
				GCC_WARN_UNDECLARED_SELECTOR = YES;
				GCC_WARN_UNINITIALIZED_AUTOS = YES_AGGRESSIVE;
				GCC_WARN_UNUSED_FUNCTION = YES;
				GCC_WARN_UNUSED_VARIABLE = YES;
				IPHONEOS_DEPLOYMENT_TARGET = 15.0;
				MTL_ENABLE_DEBUG_INFO = INCLUDE_SOURCE;
				MTL_FAST_MATH = YES;
				ONLY_ACTIVE_ARCH = YES;
				SDKROOT = iphoneos;
				SWIFT_ACTIVE_COMPILATION_CONDITIONS = DEBUG;
				SWIFT_OPTIMIZATION_LEVEL = "-Onone";
			};
			name = Debug;
		};
		A4FB57A727FB372F00EE0A5E /* Release */ = {
			isa = XCBuildConfiguration;
			buildSettings = {
				ALWAYS_SEARCH_USER_PATHS = NO;
				CLANG_ANALYZER_NONNULL = YES;
				CLANG_ANALYZER_NUMBER_OBJECT_CONVERSION = YES_AGGRESSIVE;
				CLANG_CXX_LANGUAGE_STANDARD = "gnu++14";
				CLANG_CXX_LIBRARY = "libc++";
				CLANG_ENABLE_MODULES = YES;
				CLANG_ENABLE_OBJC_ARC = YES;
				CLANG_ENABLE_OBJC_WEAK = YES;
				CLANG_WARN_BLOCK_CAPTURE_AUTORELEASING = YES;
				CLANG_WARN_BOOL_CONVERSION = YES;
				CLANG_WARN_COMMA = YES;
				CLANG_WARN_CONSTANT_CONVERSION = YES;
				CLANG_WARN_DEPRECATED_OBJC_IMPLEMENTATIONS = YES;
				CLANG_WARN_DIRECT_OBJC_ISA_USAGE = YES_ERROR;
				CLANG_WARN_DOCUMENTATION_COMMENTS = YES;
				CLANG_WARN_EMPTY_BODY = YES;
				CLANG_WARN_ENUM_CONVERSION = YES;
				CLANG_WARN_INFINITE_RECURSION = YES;
				CLANG_WARN_INT_CONVERSION = YES;
				CLANG_WARN_NON_LITERAL_NULL_CONVERSION = YES;
				CLANG_WARN_OBJC_IMPLICIT_RETAIN_SELF = YES;
				CLANG_WARN_OBJC_LITERAL_CONVERSION = YES;
				CLANG_WARN_OBJC_ROOT_CLASS = YES_ERROR;
				CLANG_WARN_QUOTED_INCLUDE_IN_FRAMEWORK_HEADER = YES;
				CLANG_WARN_RANGE_LOOP_ANALYSIS = YES;
				CLANG_WARN_STRICT_PROTOTYPES = YES;
				CLANG_WARN_SUSPICIOUS_MOVE = YES;
				CLANG_WARN_UNGUARDED_AVAILABILITY = YES_AGGRESSIVE;
				CLANG_WARN_UNREACHABLE_CODE = YES;
				CLANG_WARN__DUPLICATE_METHOD_MATCH = YES;
				COPY_PHASE_STRIP = NO;
				DEBUG_INFORMATION_FORMAT = "dwarf-with-dsym";
				ENABLE_NS_ASSERTIONS = NO;
				ENABLE_STRICT_OBJC_MSGSEND = YES;
				GCC_C_LANGUAGE_STANDARD = gnu11;
				GCC_NO_COMMON_BLOCKS = YES;
				GCC_WARN_64_TO_32_BIT_CONVERSION = YES;
				GCC_WARN_ABOUT_RETURN_TYPE = YES_ERROR;
				GCC_WARN_UNDECLARED_SELECTOR = YES;
				GCC_WARN_UNINITIALIZED_AUTOS = YES_AGGRESSIVE;
				GCC_WARN_UNUSED_FUNCTION = YES;
				GCC_WARN_UNUSED_VARIABLE = YES;
				IPHONEOS_DEPLOYMENT_TARGET = 15.0;
				MTL_ENABLE_DEBUG_INFO = NO;
				MTL_FAST_MATH = YES;
				SDKROOT = iphoneos;
				SWIFT_COMPILATION_MODE = wholemodule;
				SWIFT_OPTIMIZATION_LEVEL = "-O";
				VALIDATE_PRODUCT = YES;
			};
			name = Release;
		};
		A4FB57A927FB372F00EE0A5E /* Debug */ = {
			isa = XCBuildConfiguration;
			buildSettings = {
				ASSETCATALOG_COMPILER_APPICON_NAME = AppIcon;
				ASSETCATALOG_COMPILER_GLOBAL_ACCENT_COLOR_NAME = AccentColor;
				CODE_SIGN_STYLE = Automatic;
				CURRENT_PROJECT_VERSION = 1;
				DEVELOPMENT_ASSET_PATHS = "\"04. Fructus/Preview Content\"";
				DEVELOPMENT_TEAM = WQWCUMF3L5;
				ENABLE_PREVIEWS = YES;
				GENERATE_INFOPLIST_FILE = YES;
				INFOPLIST_FILE = "-4--Fructus-Info.plist";
				INFOPLIST_KEY_CFBundleExecutable = "04. Fructus";
				INFOPLIST_KEY_CFBundleName = "04. Fructus";
				INFOPLIST_KEY_CFBundleVersion = 1;
				INFOPLIST_KEY_UIApplicationSceneManifest_Generation = YES;
				INFOPLIST_KEY_UIApplicationSupportsIndirectInputEvents = YES;
				INFOPLIST_KEY_UILaunchScreen_Generation = YES;
				INFOPLIST_KEY_UISupportedInterfaceOrientations = UIInterfaceOrientationPortrait;
				INFOPLIST_KEY_UISupportedInterfaceOrientations_iPad = "UIInterfaceOrientationPortrait UIInterfaceOrientationPortraitUpsideDown UIInterfaceOrientationLandscapeLeft UIInterfaceOrientationLandscapeRight";
				INFOPLIST_KEY_UISupportedInterfaceOrientations_iPhone = UIInterfaceOrientationPortrait;
				IPHONEOS_DEPLOYMENT_TARGET = 14.0;
				LD_RUNPATH_SEARCH_PATHS = (
					"$(inherited)",
					"@executable_path/Frameworks",
				);
				MARKETING_VERSION = 1.0;
				PRODUCT_BUNDLE_IDENTIFIER = "Luna-Software-Development.-4--Fructus";
				PRODUCT_NAME = "$(TARGET_NAME)";
				SWIFT_EMIT_LOC_STRINGS = YES;
				SWIFT_VERSION = 5.0;
				TARGETED_DEVICE_FAMILY = "1,2";
			};
			name = Debug;
		};
		A4FB57AA27FB372F00EE0A5E /* Release */ = {
			isa = XCBuildConfiguration;
			buildSettings = {
				ASSETCATALOG_COMPILER_APPICON_NAME = AppIcon;
				ASSETCATALOG_COMPILER_GLOBAL_ACCENT_COLOR_NAME = AccentColor;
				CODE_SIGN_STYLE = Automatic;
				CURRENT_PROJECT_VERSION = 1;
				DEVELOPMENT_ASSET_PATHS = "\"04. Fructus/Preview Content\"";
				DEVELOPMENT_TEAM = WQWCUMF3L5;
				ENABLE_PREVIEWS = YES;
				GENERATE_INFOPLIST_FILE = YES;
				INFOPLIST_FILE = "-4--Fructus-Info.plist";
				INFOPLIST_KEY_CFBundleExecutable = "04. Fructus";
				INFOPLIST_KEY_CFBundleName = "04. Fructus";
				INFOPLIST_KEY_CFBundleVersion = 1;
				INFOPLIST_KEY_UIApplicationSceneManifest_Generation = YES;
				INFOPLIST_KEY_UIApplicationSupportsIndirectInputEvents = YES;
				INFOPLIST_KEY_UILaunchScreen_Generation = YES;
				INFOPLIST_KEY_UISupportedInterfaceOrientations = UIInterfaceOrientationPortrait;
				INFOPLIST_KEY_UISupportedInterfaceOrientations_iPad = "UIInterfaceOrientationPortrait UIInterfaceOrientationPortraitUpsideDown UIInterfaceOrientationLandscapeLeft UIInterfaceOrientationLandscapeRight";
				INFOPLIST_KEY_UISupportedInterfaceOrientations_iPhone = UIInterfaceOrientationPortrait;
				IPHONEOS_DEPLOYMENT_TARGET = 14.0;
				LD_RUNPATH_SEARCH_PATHS = (
					"$(inherited)",
					"@executable_path/Frameworks",
				);
				MARKETING_VERSION = 1.0;
				PRODUCT_BUNDLE_IDENTIFIER = "Luna-Software-Development.-4--Fructus";
				PRODUCT_NAME = "$(TARGET_NAME)";
				SWIFT_EMIT_LOC_STRINGS = YES;
				SWIFT_VERSION = 5.0;
				TARGETED_DEVICE_FAMILY = "1,2";
			};
			name = Release;
		};
/* End XCBuildConfiguration section */

/* Begin XCConfigurationList section */
		A4FB579527FB372D00EE0A5E /* Build configuration list for PBXProject "04. Fructus" */ = {
			isa = XCConfigurationList;
			buildConfigurations = (
				A4FB57A627FB372F00EE0A5E /* Debug */,
				A4FB57A727FB372F00EE0A5E /* Release */,
			);
			defaultConfigurationIsVisible = 0;
			defaultConfigurationName = Release;
		};
		A4FB57A827FB372F00EE0A5E /* Build configuration list for PBXNativeTarget "04. Fructus" */ = {
			isa = XCConfigurationList;
			buildConfigurations = (
				A4FB57A927FB372F00EE0A5E /* Debug */,
				A4FB57AA27FB372F00EE0A5E /* Release */,
			);
			defaultConfigurationIsVisible = 0;
			defaultConfigurationName = Release;
		};
/* End XCConfigurationList section */
	};
	rootObject = A4FB579227FB372D00EE0A5E /* Project object */;
}
